
Microsoft Visual Studio Solution File, Format Version 12.00
# Visual Studio 15
Project("{FAE04EC0-301F-11D3-BF4B-00C04F79EFBC}") = "Assembly-CSharp", "Assembly-CSharp.csproj", "{C6499D12-B686-4A6A-BABB-5BF6D902D23E}"
EndProject
Project("{FAE04EC0-301F-11D3-BF4B-00C04F79EFBC}") = "Assembly-CSharp-Editor", "Assembly-CSharp-Editor.csproj", "{C1C1644D-2412-043C-C47A-A59EC6425F07}"
EndProject
Global
	GlobalSection(SolutionConfigurationPlatforms) = preSolution
		Debug|Any CPU = Debug|Any CPU
		Release|Any CPU = Release|Any CPU
	EndGlobalSection
	GlobalSection(ProjectConfigurationPlatforms) = postSolution
		{C6499D12-B686-4A6A-BABB-5BF6D902D23E}.Debug|Any CPU.ActiveCfg = Debug|Any CPU
		{C6499D12-B686-4A6A-BABB-5BF6D902D23E}.Debug|Any CPU.Build.0 = Debug|Any CPU
		{C6499D12-B686-4A6A-BABB-5BF6D902D23E}.Release|Any CPU.ActiveCfg = Release|Any CPU
		{C6499D12-B686-4A6A-BABB-5BF6D902D23E}.Release|Any CPU.Build.0 = Release|Any CPU
		{C1C1644D-2412-043C-C47A-A59EC6425F07}.Debug|Any CPU.ActiveCfg = Debug|Any CPU
		{C1C1644D-2412-043C-C47A-A59EC6425F07}.Debug|Any CPU.Build.0 = Debug|Any CPU
		{C1C1644D-2412-043C-C47A-A59EC6425F07}.Release|Any CPU.ActiveCfg = Release|Any CPU
		{C1C1644D-2412-043C-C47A-A59EC6425F07}.Release|Any CPU.Build.0 = Release|Any CPU
	EndGlobalSection
	GlobalSection(SolutionProperties) = preSolution
		HideSolutionNode = FALSE
	EndGlobalSection
EndGlobal
